github.com/looprig/core v0.5.1 h1:vWq1zHeKhxQ9L2DcAMXunv79HWdES4XfmWJnyl0xNj8=
github.com/looprig/core v0.5.1/go.mod h1:OkgLSRdo22fx8smt2rbw09t3mMA01dHqt07IU+01rFo=
github.com/looprig/credentials v0.1.0 h1:puPS7dvBSJXHvkbTPt6lTMeilRJETYM+jsWjwIorHyw=
github.com/looprig/credentials v0.1.0/go.mod h1:t4P2CIcxZBbui/7rUmynxyUGW6MW7urfaJHUiExa4B0=
github.com/looprig/fsstore v0.3.2 h1:WJ7+ZTH01faSMB98iRyzUIYxpi3QP9Lmw1dJZyxoYbE=
github.com/looprig/fsstore v0.3.2/go.mod h1:UhqNjy8ZGjXqV0vetwwR44uA5bivxaoOlItKYwLv6II=
github.com/looprig/harness v0.25.0 h1:eKgw3BFLqjogEi5SUDDKt83ijs0+8R1mfRqhTsoX/Q0=
github.com/looprig/harness v0.25.0/go.mod h1:UKyxrfIc79i+Yn7okmML4NcggcMpHjvqsYpDjqor8M0=
github.com/looprig/inference v0.10.0 h1:A6NbQfKJb88JLFVdLIwcYAxmVNh1wb+CnzKXsqHOmz8=
github.com/looprig/inference v0.10.0/go.mod h1:zG3ZXQzVTFE3dUkeQUsV0u+9w8TWUZOow0nkZLF20Eo=
github.com/looprig/secrets v0.1.0 h1:YmDlIGNuP3X1Nihjb4N23NIXKRxQzePjx7SBFDED1ps=
github.com/looprig/secrets v0.1.0/go.mod h1:aENJw340bY5iNwOkanyYkp8i8R/X5DSiL6eKXfrbxKU=
github.com/looprig/storage v0.3.1 h1:b42G4Yz/+zRgt3f/P3WL3IhyKq9uAHCptLmf2Vy1bz0=
github.com/looprig/storage v0.3.1/go.mod h1:XFmY3ihCxJIycwLAqn1vMluTAqlbwD3uov2/ocJDyBM=
github.com/looprig/tools v0.10.2 h1:u5eXYwf0QFePZNC0xvcMF0aNzcOMk5Vne6pgsXMeZ1o=
github.com/looprig/tools v0.10.2/go.mod h1:phLB96MBxrC3eFPa0JrVIaKnpb2JUfhN6ml9VIg4lqQ=
golang.org/x/sys v0.47.0 h1:o7XGOvZQCADBQQ4Y7VNq2dRWQR7JmOUW8Kxx4ZsNgWs=
golang.org/x/sys v0.47.0/go.mod h1:4GL1E5IUh+htKOUEOaiffhrAeqysfVGipDYzABqnCmw=
